
Microsoft Visual Studio Solution File, Format Version 12.00
# Visual Studio Version 17
VisualStudioVersion = 17.13.35806.99 d17.13
MinimumVisualStudioVersion = 10.0.40219.1
Project("{FAE04EC0-301F-11D3-BF4B-00C04F79EFBC}") = "exercicio15", "exercicio15\exercicio15.csproj", "{8F8E3FC0-EE6D-4743-B2B8-9E79ABD307B8}"
EndProject
Global
	GlobalSection(SolutionConfigurationPlatforms) = preSolution
		Debug|Any CPU = Debug|Any CPU
		Release|Any CPU = Release|Any CPU
	EndGlobalSection
	GlobalSection(ProjectConfigurationPlatforms) = postSolution
		{8F8E3FC0-EE6D-4743-B2B8-9E79ABD307B8}.Debug|Any CPU.ActiveCfg = Debug|Any CPU
		{8F8E3FC0-EE6D-4743-B2B8-9E79ABD307B8}.Debug|Any CPU.Build.0 = Debug|Any CPU
		{8F8E3FC0-EE6D-4743-B2B8-9E79ABD307B8}.Release|Any CPU.ActiveCfg = Release|Any CPU
		{8F8E3FC0-EE6D-4743-B2B8-9E79ABD307B8}.Release|Any CPU.Build.0 = Release|Any CPU
	EndGlobalSection
	GlobalSection(SolutionProperties) = preSolution
		HideSolutionNode = FALSE
	EndGlobalSection
	GlobalSection(ExtensibilityGlobals) = postSolution
		SolutionGuid = {D0DB8F72-6226-4873-A335-9F15C3D57C36}
	EndGlobalSection
EndGlobal
