
Microsoft Visual Studio Solution File, Format Version 12.00
# Visual Studio Version 17
VisualStudioVersion = 17.13.35806.99 d17.13
MinimumVisualStudioVersion = 10.0.40219.1
Project("{FAE04EC0-301F-11D3-BF4B-00C04F79EFBC}") = "CalculadoraSoftware", "CalculadoraSoftware\CalculadoraSoftware.csproj", "{081FDC23-FD15-4ED0-9974-39DA4E11C385}"
EndProject
Global
	GlobalSection(SolutionConfigurationPlatforms) = preSolution
		Debug|Any CPU = Debug|Any CPU
		Release|Any CPU = Release|Any CPU
	EndGlobalSection
	GlobalSection(ProjectConfigurationPlatforms) = postSolution
		{081FDC23-FD15-4ED0-9974-39DA4E11C385}.Debug|Any CPU.ActiveCfg = Debug|Any CPU
		{081FDC23-FD15-4ED0-9974-39DA4E11C385}.Debug|Any CPU.Build.0 = Debug|Any CPU
		{081FDC23-FD15-4ED0-9974-39DA4E11C385}.Release|Any CPU.ActiveCfg = Release|Any CPU
		{081FDC23-FD15-4ED0-9974-39DA4E11C385}.Release|Any CPU.Build.0 = Release|Any CPU
	EndGlobalSection
	GlobalSection(SolutionProperties) = preSolution
		HideSolutionNode = FALSE
	EndGlobalSection
	GlobalSection(ExtensibilityGlobals) = postSolution
		SolutionGuid = {B0D17145-7D0A-4653-8F2C-A27D4268078A}
	EndGlobalSection
EndGlobal
